
Microsoft Visual Studio Solution File, Format Version 12.00
# Visual Studio Version 17
VisualStudioVersion = 17.3.32929.385
MinimumVisualStudioVersion = 10.0.40219.1
Project("{FAE04EC0-301F-11D3-BF4B-00C04F79EFBC}") = "WpfChords", "WpfChords\WpfChords.csproj", "{082D8EAB-D478-4727-993B-5F80A8940060}"
EndProject
Project("{FAE04EC0-301F-11D3-BF4B-00C04F79EFBC}") = "UnitTest", "UnitTest\UnitTest.csproj", "{DC491487-5F85-4639-9EE9-858D6D45683A}"
EndProject
Global
	GlobalSection(SolutionConfigurationPlatforms) = preSolution
		Debug|Any CPU = Debug|Any CPU
		Release|Any CPU = Release|Any CPU
	EndGlobalSection
	GlobalSection(ProjectConfigurationPlatforms) = postSolution
		{082D8EAB-D478-4727-993B-5F80A8940060}.Debug|Any CPU.ActiveCfg = Debug|Any CPU
		{082D8EAB-D478-4727-993B-5F80A8940060}.Debug|Any CPU.Build.0 = Debug|Any CPU
		{082D8EAB-D478-4727-993B-5F80A8940060}.Release|Any CPU.ActiveCfg = Release|Any CPU
		{082D8EAB-D478-4727-993B-5F80A8940060}.Release|Any CPU.Build.0 = Release|Any CPU
		{DC491487-5F85-4639-9EE9-858D6D45683A}.Debug|Any CPU.ActiveCfg = Debug|Any CPU
		{DC491487-5F85-4639-9EE9-858D6D45683A}.Debug|Any CPU.Build.0 = Debug|Any CPU
		{DC491487-5F85-4639-9EE9-858D6D45683A}.Release|Any CPU.ActiveCfg = Release|Any CPU
		{DC491487-5F85-4639-9EE9-858D6D45683A}.Release|Any CPU.Build.0 = Release|Any CPU
	EndGlobalSection
	GlobalSection(SolutionProperties) = preSolution
		HideSolutionNode = FALSE
	EndGlobalSection
	GlobalSection(ExtensibilityGlobals) = postSolution
		SolutionGuid = {DDC7EAFC-5CE8-4E59-87CE-40AF66EB75E3}
	EndGlobalSection
EndGlobal
